{
    "name": "@aerian/eslint-config-react",
    "version": "6.0.4",
    "lockfileVersion": 1,
    "requires": true,
    "dependencies": {
        "@babel/runtime": {
            "version": "7.7.4",
            "resolved": "https://registry.npmjs.org/@babel/runtime/-/runtime-7.7.4.tgz",
            "integrity": "sha512-r24eVUUr0QqNZa+qrImUk8fn5SPhHq+IfYvIoIMg0do3GdK9sMdiLKP3GYVVaxpPKORgm8KRKaNTEhAjgIpLMw==",
            "requires": {
                "regenerator-runtime": "^0.13.2"
            }
        },
        "aria-query": {
            "version": "3.0.0",
            "resolved": "https://registry.npmjs.org/aria-query/-/aria-query-3.0.0.tgz",
            "integrity": "sha1-ZbP8wcoRVajJrmTW7uKX8V1RM8w=",
            "requires": {
                "ast-types-flow": "0.0.7",
                "commander": "^2.11.0"
            }
        },
        "array-includes": {
            "version": "3.0.3",
            "resolved": "https://registry.npmjs.org/array-includes/-/array-includes-3.0.3.tgz",
            "integrity": "sha1-GEtI9i2S10UrsxsyMWXH+L0CJm0=",
            "requires": {
                "define-properties": "^1.1.2",
                "es-abstract": "^1.7.0"
            }
        },
        "ast-types-flow": {
            "version": "0.0.7",
            "resolved": "https://registry.npmjs.org/ast-types-flow/-/ast-types-flow-0.0.7.tgz",
            "integrity": "sha1-9wtzXGvKGlycItmCw+Oef+ujva0="
        },
        "axobject-query": {
            "version": "2.0.2",
            "resolved": "https://registry.npmjs.org/axobject-query/-/axobject-query-2.0.2.tgz",
            "integrity": "sha512-MCeek8ZH7hKyO1rWUbKNQBbl4l2eY0ntk7OGi+q0RlafrCnfPxC06WZA+uebCfmYp4mNU9jRBP1AhGyf8+W3ww==",
            "requires": {
                "ast-types-flow": "0.0.7"
            }
        },
        "commander": {
            "version": "2.20.3",
            "resolved": "https://registry.npmjs.org/commander/-/commander-2.20.3.tgz",
            "integrity": "sha512-GpVkmM8vF2vQUkj2LvZmD35JxeJOLCwJ9cUkugyk2nuhbv3+mJvpLYYt+0+USMxE+oj+ey/lJEnhZw75x/OMcQ=="
        },
        "damerau-levenshtein": {
            "version": "1.0.5",
            "resolved": "https://registry.npmjs.org/damerau-levenshtein/-/damerau-levenshtein-1.0.5.tgz",
            "integrity": "sha512-CBCRqFnpu715iPmw1KrdOrzRqbdFwQTwAWyyyYS42+iAgHCuXZ+/TdMgQkUENPomxEz9z1BEzuQU2Xw0kUuAgA=="
        },
        "define-properties": {
            "version": "1.1.3",
            "resolved": "https://registry.npmjs.org/define-properties/-/define-properties-1.1.3.tgz",
            "integrity": "sha512-3MqfYKj2lLzdMSf8ZIZE/V+Zuy+BgD6f164e8K2w7dgnpKArBDerGYpM46IYYcjnkdPNMjPk9A6VFB8+3SKlXQ==",
            "requires": {
                "object-keys": "^1.0.12"
            }
        },
        "doctrine": {
            "version": "2.1.0",
            "resolved": "https://registry.npmjs.org/doctrine/-/doctrine-2.1.0.tgz",
            "integrity": "sha512-35mSku4ZXK0vfCuHEDAwt55dg2jNajHZ1odvF+8SSr82EsZY4QmXfuWso8oEd8zRhVObSN18aM0CjSdoBX7zIw==",
            "requires": {
                "esutils": "^2.0.2"
            }
        },
        "emoji-regex": {
            "version": "7.0.3",
            "resolved": "https://registry.npmjs.org/emoji-regex/-/emoji-regex-7.0.3.tgz",
            "integrity": "sha512-CwBLREIQ7LvYFB0WyRvwhq5N5qPhc6PMjD6bYggFlI5YyDgl+0vxq5VHbMOFqLg7hfWzmu8T5Z1QofhmTIhItA=="
        },
        "es-abstract": {
            "version": "1.16.2",
            "resolved": "https://registry.npmjs.org/es-abstract/-/es-abstract-1.16.2.tgz",
            "integrity": "sha512-jYo/J8XU2emLXl3OLwfwtuFfuF2w6DYPs+xy9ZfVyPkDcrauu6LYrw/q2TyCtrbc/KUdCiC5e9UajRhgNkVopA==",
            "requires": {
                "es-to-primitive": "^1.2.1",
                "function-bind": "^1.1.1",
                "has": "^1.0.3",
                "has-symbols": "^1.0.1",
                "is-callable": "^1.1.4",
                "is-regex": "^1.0.4",
                "object-inspect": "^1.7.0",
                "object-keys": "^1.1.1",
                "string.prototype.trimleft": "^2.1.0",
                "string.prototype.trimright": "^2.1.0"
            }
        },
        "es-to-primitive": {
            "version": "1.2.1",
            "resolved": "https://registry.npmjs.org/es-to-primitive/-/es-to-primitive-1.2.1.tgz",
            "integrity": "sha512-QCOllgZJtaUo9miYBcLChTUaHNjJF3PYs1VidD7AwiEj1kYxKeQTctLAezAOH5ZKRH0g2IgPn6KwB4IT8iRpvA==",
            "requires": {
                "is-callable": "^1.1.4",
                "is-date-object": "^1.0.1",
                "is-symbol": "^1.0.2"
            }
        },
        "eslint-plugin-eslint-plugin": {
            "version": "2.1.0",
            "resolved": "https://registry.npmjs.org/eslint-plugin-eslint-plugin/-/eslint-plugin-eslint-plugin-2.1.0.tgz",
            "integrity": "sha512-kT3A/ZJftt28gbl/Cv04qezb/NQ1dwYIbi8lyf806XMxkus7DvOVCLIfTXMrorp322Pnoez7+zabXH29tADIDg=="
        },
        "eslint-plugin-jsx-a11y": {
            "version": "6.2.3",
            "resolved": "https://registry.npmjs.org/eslint-plugin-jsx-a11y/-/eslint-plugin-jsx-a11y-6.2.3.tgz",
            "integrity": "sha512-CawzfGt9w83tyuVekn0GDPU9ytYtxyxyFZ3aSWROmnRRFQFT2BiPJd7jvRdzNDi6oLWaS2asMeYSNMjWTV4eNg==",
            "requires": {
                "@babel/runtime": "^7.4.5",
                "aria-query": "^3.0.0",
                "array-includes": "^3.0.3",
                "ast-types-flow": "^0.0.7",
                "axobject-query": "^2.0.2",
                "damerau-levenshtein": "^1.0.4",
                "emoji-regex": "^7.0.2",
                "has": "^1.0.3",
                "jsx-ast-utils": "^2.2.1"
            }
        },
        "eslint-plugin-react": {
            "version": "7.17.0",
            "resolved": "https://registry.npmjs.org/eslint-plugin-react/-/eslint-plugin-react-7.17.0.tgz",
            "integrity": "sha512-ODB7yg6lxhBVMeiH1c7E95FLD4E/TwmFjltiU+ethv7KPdCwgiFuOZg9zNRHyufStTDLl/dEFqI2Q1VPmCd78A==",
            "requires": {
                "array-includes": "^3.0.3",
                "doctrine": "^2.1.0",
                "eslint-plugin-eslint-plugin": "^2.1.0",
                "has": "^1.0.3",
                "jsx-ast-utils": "^2.2.3",
                "object.entries": "^1.1.0",
                "object.fromentries": "^2.0.1",
                "object.values": "^1.1.0",
                "prop-types": "^15.7.2",
                "resolve": "^1.13.1"
            },
            "dependencies": {
                "resolve": {
                    "version": "1.13.1",
                    "resolved": "https://registry.npmjs.org/resolve/-/resolve-1.13.1.tgz",
                    "integrity": "sha512-CxqObCX8K8YtAhOBRg+lrcdn+LK+WYOS8tSjqSFbjtrI5PnS63QPhZl4+yKfrU9tdsbMu9Anr/amegT87M9Z6w==",
                    "requires": {
                        "path-parse": "^1.0.6"
                    }
                }
            }
        },
        "eslint-plugin-react-hooks": {
            "version": "2.3.0",
            "resolved": "https://registry.npmjs.org/eslint-plugin-react-hooks/-/eslint-plugin-react-hooks-2.3.0.tgz",
            "integrity": "sha512-gLKCa52G4ee7uXzdLiorca7JIQZPPXRAQDXV83J4bUEeUuc5pIEyZYAZ45Xnxe5IuupxEqHS+hUhSLIimK1EMw=="
        },
        "esutils": {
            "version": "2.0.3",
            "resolved": "https://registry.npmjs.org/esutils/-/esutils-2.0.3.tgz",
            "integrity": "sha512-kVscqXk4OCp68SZ0dkgEKVi6/8ij300KBWTJq32P/dYeWTSwK41WyTxalN1eRmA5Z9UU/LX9D7FWSmV9SAYx6g=="
        },
        "function-bind": {
            "version": "1.1.1",
            "resolved": "https://registry.npmjs.org/function-bind/-/function-bind-1.1.1.tgz",
            "integrity": "sha512-yIovAzMX49sF8Yl58fSCWJ5svSLuaibPxXQJFLmBObTuCr0Mf1KiPopGM9NiFjiYBCbfaa2Fh6breQ6ANVTI0A=="
        },
        "has": {
            "version": "1.0.3",
            "resolved": "https://registry.npmjs.org/has/-/has-1.0.3.tgz",
            "integrity": "sha512-f2dvO0VU6Oej7RkWJGrehjbzMAjFp5/VKPp5tTpWIV4JHHZK1/BxbFRtf/siA2SWTe09caDmVtYYzWEIbBS4zw==",
            "requires": {
                "function-bind": "^1.1.1"
            }
        },
        "has-symbols": {
            "version": "1.0.1",
            "resolved": "https://registry.npmjs.org/has-symbols/-/has-symbols-1.0.1.tgz",
            "integrity": "sha512-PLcsoqu++dmEIZB+6totNFKq/7Do+Z0u4oT0zKOJNl3lYK6vGwwu2hjHs+68OEZbTjiUE9bgOABXbP/GvrS0Kg=="
        },
        "is-callable": {
            "version": "1.1.4",
            "resolved": "https://registry.npmjs.org/is-callable/-/is-callable-1.1.4.tgz",
            "integrity": "sha512-r5p9sxJjYnArLjObpjA4xu5EKI3CuKHkJXMhT7kwbpUyIFD1n5PMAsoPvWnvtZiNz7LjkYDRZhd7FlI0eMijEA=="
        },
        "is-date-object": {
            "version": "1.0.1",
            "resolved": "https://registry.npmjs.org/is-date-object/-/is-date-object-1.0.1.tgz",
            "integrity": "sha1-mqIOtq7rv/d/vTPnTKAbM1gdOhY="
        },
        "is-regex": {
            "version": "1.0.4",
            "resolved": "https://registry.npmjs.org/is-regex/-/is-regex-1.0.4.tgz",
            "integrity": "sha1-VRdIm1RwkbCTDglWVM7SXul+lJE=",
            "requires": {
                "has": "^1.0.1"
            }
        },
        "is-symbol": {
            "version": "1.0.3",
            "resolved": "https://registry.npmjs.org/is-symbol/-/is-symbol-1.0.3.tgz",
            "integrity": "sha512-OwijhaRSgqvhm/0ZdAcXNZt9lYdKFpcRDT5ULUuYXPoT794UNOdU+gpT6Rzo7b4V2HUl/op6GqY894AZwv9faQ==",
            "requires": {
                "has-symbols": "^1.0.1"
            }
        },
        "js-tokens": {
            "version": "4.0.0",
            "resolved": "https://registry.npmjs.org/js-tokens/-/js-tokens-4.0.0.tgz",
            "integrity": "sha512-RdJUflcE3cUzKiMqQgsCu06FPu9UdIJO0beYbPhHN4k6apgJtifcoCtT9bcxOpYBtpD2kCM6Sbzg4CausW/PKQ=="
        },
        "jsx-ast-utils": {
            "version": "2.2.3",
            "resolved": "https://registry.npmjs.org/jsx-ast-utils/-/jsx-ast-utils-2.2.3.tgz",
            "integrity": "sha512-EdIHFMm+1BPynpKOpdPqiOsvnIrInRGJD7bzPZdPkjitQEqpdpUuFpq4T0npZFKTiB3RhWFdGN+oqOJIdhDhQA==",
            "requires": {
                "array-includes": "^3.0.3",
                "object.assign": "^4.1.0"
            }
        },
        "loose-envify": {
            "version": "1.4.0",
            "resolved": "https://registry.npmjs.org/loose-envify/-/loose-envify-1.4.0.tgz",
            "integrity": "sha512-lyuxPGr/Wfhrlem2CL/UcnUc1zcqKAImBDzukY7Y5F/yQiNdko6+fRLevlw1HgMySw7f611UIY408EtxRSoK3Q==",
            "requires": {
                "js-tokens": "^3.0.0 || ^4.0.0"
            }
        },
        "object-assign": {
            "version": "4.1.1",
            "resolved": "https://registry.npmjs.org/object-assign/-/object-assign-4.1.1.tgz",
            "integrity": "sha1-IQmtx5ZYh8/AXLvUQsrIv7s2CGM="
        },
        "object-inspect": {
            "version": "1.7.0",
            "resolved": "https://registry.npmjs.org/object-inspect/-/object-inspect-1.7.0.tgz",
            "integrity": "sha512-a7pEHdh1xKIAgTySUGgLMx/xwDZskN1Ud6egYYN3EdRW4ZMPNEDUTF+hwy2LUC+Bl+SyLXANnwz/jyh/qutKUw=="
        },
        "object-keys": {
            "version": "1.1.1",
            "resolved": "https://registry.npmjs.org/object-keys/-/object-keys-1.1.1.tgz",
            "integrity": "sha512-NuAESUOUMrlIXOfHKzD6bpPu3tYt3xvjNdRIQ+FeT0lNb4K8WR70CaDxhuNguS2XG+GjkyMwOzsN5ZktImfhLA=="
        },
        "object.assign": {
            "version": "4.1.0",
            "resolved": "https://registry.npmjs.org/object.assign/-/object.assign-4.1.0.tgz",
            "integrity": "sha512-exHJeq6kBKj58mqGyTQ9DFvrZC/eR6OwxzoM9YRoGBqrXYonaFyGiFMuc9VZrXf7DarreEwMpurG3dd+CNyW5w==",
            "requires": {
                "define-properties": "^1.1.2",
                "function-bind": "^1.1.1",
                "has-symbols": "^1.0.0",
                "object-keys": "^1.0.11"
            }
        },
        "object.entries": {
            "version": "1.1.0",
            "resolved": "https://registry.npmjs.org/object.entries/-/object.entries-1.1.0.tgz",
            "integrity": "sha512-l+H6EQ8qzGRxbkHOd5I/aHRhHDKoQXQ8g0BYt4uSweQU1/J6dZUOyWh9a2Vky35YCKjzmgxOzta2hH6kf9HuXA==",
            "requires": {
                "define-properties": "^1.1.3",
                "es-abstract": "^1.12.0",
                "function-bind": "^1.1.1",
                "has": "^1.0.3"
            }
        },
        "object.fromentries": {
            "version": "2.0.1",
            "resolved": "https://registry.npmjs.org/object.fromentries/-/object.fromentries-2.0.1.tgz",
            "integrity": "sha512-PUQv8Hbg3j2QX0IQYv3iAGCbGcu4yY4KQ92/dhA4sFSixBmSmp13UpDLs6jGK8rBtbmhNNIK99LD2k293jpiGA==",
            "requires": {
                "define-properties": "^1.1.3",
                "es-abstract": "^1.15.0",
                "function-bind": "^1.1.1",
                "has": "^1.0.3"
            }
        },
        "object.values": {
            "version": "1.1.0",
            "resolved": "https://registry.npmjs.org/object.values/-/object.values-1.1.0.tgz",
            "integrity": "sha512-8mf0nKLAoFX6VlNVdhGj31SVYpaNFtUnuoOXWyFEstsWRgU837AK+JYM0iAxwkSzGRbwn8cbFmgbyxj1j4VbXg==",
            "requires": {
                "define-properties": "^1.1.3",
                "es-abstract": "^1.12.0",
                "function-bind": "^1.1.1",
                "has": "^1.0.3"
            }
        },
        "path-parse": {
            "version": "1.0.6",
            "resolved": "https://registry.npmjs.org/path-parse/-/path-parse-1.0.6.tgz",
            "integrity": "sha512-GSmOT2EbHrINBf9SR7CDELwlJ8AENk3Qn7OikK4nFYAu3Ote2+JYNVvkpAEQm3/TLNEJFD/xZJjzyxg3KBWOzw=="
        },
        "prop-types": {
            "version": "15.7.2",
            "resolved": "https://registry.npmjs.org/prop-types/-/prop-types-15.7.2.tgz",
            "integrity": "sha512-8QQikdH7//R2vurIJSutZ1smHYTcLpRWEOlHnzcWHmBYrOGUysKwSsrC89BCiFj3CbrfJ/nXFdJepOVrY1GCHQ==",
            "requires": {
                "loose-envify": "^1.4.0",
                "object-assign": "^4.1.1",
                "react-is": "^16.8.1"
            }
        },
        "react-is": {
            "version": "16.12.0",
            "resolved": "https://registry.npmjs.org/react-is/-/react-is-16.12.0.tgz",
            "integrity": "sha512-rPCkf/mWBtKc97aLL9/txD8DZdemK0vkA3JMLShjlJB3Pj3s+lpf1KaBzMfQrAmhMQB0n1cU/SUGgKKBCe837Q=="
        },
        "regenerator-runtime": {
            "version": "0.13.3",
            "resolved": "https://registry.npmjs.org/regenerator-runtime/-/regenerator-runtime-0.13.3.tgz",
            "integrity": "sha512-naKIZz2GQ8JWh///G7L3X6LaQUAMp2lvb1rvwwsURe/VXwD6VMfr+/1NuNw3ag8v2kY1aQ/go5SNn79O9JU7yw=="
        },
        "string.prototype.trimleft": {
            "version": "2.1.0",
            "resolved": "https://registry.npmjs.org/string.prototype.trimleft/-/string.prototype.trimleft-2.1.0.tgz",
            "integrity": "sha512-FJ6b7EgdKxxbDxc79cOlok6Afd++TTs5szo+zJTUyow3ycrRfJVE2pq3vcN53XexvKZu/DJMDfeI/qMiZTrjTw==",
            "requires": {
                "define-properties": "^1.1.3",
                "function-bind": "^1.1.1"
            }
        },
        "string.prototype.trimright": {
            "version": "2.1.0",
            "resolved": "https://registry.npmjs.org/string.prototype.trimright/-/string.prototype.trimright-2.1.0.tgz",
            "integrity": "sha512-fXZTSV55dNBwv16uw+hh5jkghxSnc5oHq+5K/gXgizHwAvMetdAJlHqqoFC1FSDVPYWLkAKl2cxpUT41sV7nSg==",
            "requires": {
                "define-properties": "^1.1.3",
                "function-bind": "^1.1.1"
            }
        }
    }
}
